{
  "object": {
    "pins": [
      {
        "package": "Kingfisher",
        "repositoryURL": "https://github.com/onevcat/Kingfisher.git",
        "state": {
          "branch": null,
          "revision": "bbc4bc4def7eb05a7ba8e1219f80ee9be327334e",
          "version": "6.2.1"
        }
      },
      {
        "package": "Networking",
        "repositoryURL": "https://github.com/freshOS/Networking",
        "state": {
          "branch": null,
          "revision": "960867638bdb9d07870b674636326f5baf412ca1",
          "version": "0.3.2"
        }
      },
      {
        "package": "Resolver",
        "repositoryURL": "https://github.com/hmlongco/Resolver.git",
        "state": {
          "branch": null,
          "revision": "e0bcbc721818328c192a1eb22c6a6ca48029e550",
          "version": "1.4.1"
        }
      },
      {
        "package": "SwiftUICombineToolBox",
        "repositoryURL": "https://github.com/lukacs-m/SwiftUICombineToolBox",
        "state": {
          "branch": null,
          "revision": "8690d1cdf7e05ee25ab3179144584f593fb2aee2",
          "version": "0.0.11"
        }
      }
    ]
  },
  "version": 1
}
