// !$*UTF8*$!
{
	archiveVersion = 1;
	classes = {
	};
	objectVersion = 52;
	objects = {

/* Begin PBXBuildFile section */
		B85FF8BC2624B1DF0035BDBD /* FoodFinderApp.swift in Sources */ = {isa = PBXBuildFile; fileRef = B85FF8BB2624B1DF0035BDBD /* FoodFinderApp.swift */; };
		B85FF8BE2624B1DF0035BDBD /* ContentView.swift in Sources */ = {isa = PBXBuildFile; fileRef = B85FF8BD2624B1DF0035BDBD /* ContentView.swift */; };
		B85FF8C02624B1E00035BDBD /* Assets.xcassets in Resources */ = {isa = PBXBuildFile; fileRef = B85FF8BF2624B1E00035BDBD /* Assets.xcassets */; };
		B85FF8C32624B1E00035BDBD /* Preview Assets.xcassets in Resources */ = {isa = PBXBuildFile; fileRef = B85FF8C22624B1E00035BDBD /* Preview Assets.xcassets */; };
		B85FF8CE2624B1E00035BDBD /* FoodFinderTests.swift in Sources */ = {isa = PBXBuildFile; fileRef = B85FF8CD2624B1E00035BDBD /* FoodFinderTests.swift */; };
		B85FF8D92624B1E00035BDBD /* FoodFinderUITests.swift in Sources */ = {isa = PBXBuildFile; fileRef = B85FF8D82624B1E00035BDBD /* FoodFinderUITests.swift */; };
		B85FF8F02624B54B0035BDBD /* Networking in Frameworks */ = {isa = PBXBuildFile; productRef = B85FF8EF2624B54B0035BDBD /* Networking */; };
		B85FF8F62624B5720035BDBD /* SwiftUICombineToolBox in Frameworks */ = {isa = PBXBuildFile; productRef = B85FF8F52624B5720035BDBD /* SwiftUICombineToolBox */; };
		B85FF8FC2624B58C0035BDBD /* Resolver in Frameworks */ = {isa = PBXBuildFile; productRef = B85FF8FB2624B58C0035BDBD /* Resolver */; };
		B85FF9022624B5CF0035BDBD /* Kingfisher in Frameworks */ = {isa = PBXBuildFile; productRef = B85FF9012624B5CF0035BDBD /* Kingfisher */; };
		B85FF91E2624B6B90035BDBD /* Tools+Dependencies.swift in Sources */ = {isa = PBXBuildFile; fileRef = B85FF9192624B6B90035BDBD /* Tools+Dependencies.swift */; };
		B85FF91F2624B6B90035BDBD /* Routing+Dependencies.swift in Sources */ = {isa = PBXBuildFile; fileRef = B85FF91A2624B6B90035BDBD /* Routing+Dependencies.swift */; };
		B85FF9202624B6B90035BDBD /* ViewModels+Dependencies.swift in Sources */ = {isa = PBXBuildFile; fileRef = B85FF91B2624B6B90035BDBD /* ViewModels+Dependencies.swift */; };
		B85FF9212624B6B90035BDBD /* Repositories+Dependencies.swift in Sources */ = {isa = PBXBuildFile; fileRef = B85FF91C2624B6B90035BDBD /* Repositories+Dependencies.swift */; };
		B85FF9222624B6B90035BDBD /* DependenciesRegistration.swift in Sources */ = {isa = PBXBuildFile; fileRef = B85FF91D2624B6B90035BDBD /* DependenciesRegistration.swift */; };
		B85FF92B2624B7000035BDBD /* MainRouter.swift in Sources */ = {isa = PBXBuildFile; fileRef = B85FF92A2624B7000035BDBD /* MainRouter.swift */; };
/* End PBXBuildFile section */

/* Begin PBXContainerItemProxy section */
		B85FF8CA2624B1E00035BDBD /* PBXContainerItemProxy */ = {
			isa = PBXContainerItemProxy;
			containerPortal = B85FF8B02624B1DF0035BDBD /* Project object */;
			proxyType = 1;
			remoteGlobalIDString = B85FF8B72624B1DF0035BDBD;
			remoteInfo = FoodFinder;
		};
		B85FF8D52624B1E00035BDBD /* PBXContainerItemProxy */ = {
			isa = PBXContainerItemProxy;
			containerPortal = B85FF8B02624B1DF0035BDBD /* Project object */;
			proxyType = 1;
			remoteGlobalIDString = B85FF8B72624B1DF0035BDBD;
			remoteInfo = FoodFinder;
		};
/* End PBXContainerItemProxy section */

/* Begin PBXFileReference section */
		B85FF8B82624B1DF0035BDBD /* FoodFinder.app */ = {isa = PBXFileReference; explicitFileType = wrapper.application; includeInIndex = 0; path = FoodFinder.app; sourceTree = BUILT_PRODUCTS_DIR; };
		B85FF8BB2624B1DF0035BDBD /* FoodFinderApp.swift */ = {isa = PBXFileReference; lastKnownFileType = sourcecode.swift; path = FoodFinderApp.swift; sourceTree = "<group>"; };
		B85FF8BD2624B1DF0035BDBD /* ContentView.swift */ = {isa = PBXFileReference; lastKnownFileType = sourcecode.swift; path = ContentView.swift; sourceTree = "<group>"; };
		B85FF8BF2624B1E00035BDBD /* Assets.xcassets */ = {isa = PBXFileReference; lastKnownFileType = folder.assetcatalog; path = Assets.xcassets; sourceTree = "<group>"; };
		B85FF8C22624B1E00035BDBD /* Preview Assets.xcassets */ = {isa = PBXFileReference; lastKnownFileType = folder.assetcatalog; path = "Preview Assets.xcassets"; sourceTree = "<group>"; };
		B85FF8C42624B1E00035BDBD /* Info.plist */ = {isa = PBXFileReference; lastKnownFileType = text.plist.xml; path = Info.plist; sourceTree = "<group>"; };
		B85FF8C92624B1E00035BDBD /* FoodFinderTests.xctest */ = {isa = PBXFileReference; explicitFileType = wrapper.cfbundle; includeInIndex = 0; path = FoodFinderTests.xctest; sourceTree = BUILT_PRODUCTS_DIR; };
		B85FF8CD2624B1E00035BDBD /* FoodFinderTests.swift */ = {isa = PBXFileReference; lastKnownFileType = sourcecode.swift; path = FoodFinderTests.swift; sourceTree = "<group>"; };
		B85FF8CF2624B1E00035BDBD /* Info.plist */ = {isa = PBXFileReference; lastKnownFileType = text.plist.xml; path = Info.plist; sourceTree = "<group>"; };
		B85FF8D42624B1E00035BDBD /* FoodFinderUITests.xctest */ = {isa = PBXFileReference; explicitFileType = wrapper.cfbundle; includeInIndex = 0; path = FoodFinderUITests.xctest; sourceTree = BUILT_PRODUCTS_DIR; };
		B85FF8D82624B1E00035BDBD /* FoodFinderUITests.swift */ = {isa = PBXFileReference; lastKnownFileType = sourcecode.swift; path = FoodFinderUITests.swift; sourceTree = "<group>"; };
		B85FF8DA2624B1E00035BDBD /* Info.plist */ = {isa = PBXFileReference; lastKnownFileType = text.plist.xml; path = Info.plist; sourceTree = "<group>"; };
		B85FF9192624B6B90035BDBD /* Tools+Dependencies.swift */ = {isa = PBXFileReference; lastKnownFileType = sourcecode.swift; path = "Tools+Dependencies.swift"; sourceTree = "<group>"; };
		B85FF91A2624B6B90035BDBD /* Routing+Dependencies.swift */ = {isa = PBXFileReference; lastKnownFileType = sourcecode.swift; path = "Routing+Dependencies.swift"; sourceTree = "<group>"; };
		B85FF91B2624B6B90035BDBD /* ViewModels+Dependencies.swift */ = {isa = PBXFileReference; lastKnownFileType = sourcecode.swift; path = "ViewModels+Dependencies.swift"; sourceTree = "<group>"; };
		B85FF91C2624B6B90035BDBD /* Repositories+Dependencies.swift */ = {isa = PBXFileReference; lastKnownFileType = sourcecode.swift; path = "Repositories+Dependencies.swift"; sourceTree = "<group>"; };
		B85FF91D2624B6B90035BDBD /* DependenciesRegistration.swift */ = {isa = PBXFileReference; lastKnownFileType = sourcecode.swift; path = DependenciesRegistration.swift; sourceTree = "<group>"; };
		B85FF92A2624B7000035BDBD /* MainRouter.swift */ = {isa = PBXFileReference; lastKnownFileType = sourcecode.swift; path = MainRouter.swift; sourceTree = "<group>"; };
/* End PBXFileReference section */

/* Begin PBXFrameworksBuildPhase section */
		B85FF8B52624B1DF0035BDBD /* Frameworks */ = {
			isa = PBXFrameworksBuildPhase;
			buildActionMask = 2147483647;
			files = (
				B85FF9022624B5CF0035BDBD /* Kingfisher in Frameworks */,
				B85FF8FC2624B58C0035BDBD /* Resolver in Frameworks */,
				B85FF8F62624B5720035BDBD /* SwiftUICombineToolBox in Frameworks */,
				B85FF8F02624B54B0035BDBD /* Networking in Frameworks */,
			);
			runOnlyForDeploymentPostprocessing = 0;
		};
		B85FF8C62624B1E00035BDBD /* Frameworks */ = {
			isa = PBXFrameworksBuildPhase;
			buildActionMask = 2147483647;
			files = (
			);
			runOnlyForDeploymentPostprocessing = 0;
		};
		B85FF8D12624B1E00035BDBD /* Frameworks */ = {
			isa = PBXFrameworksBuildPhase;
			buildActionMask = 2147483647;
			files = (
			);
			runOnlyForDeploymentPostprocessing = 0;
		};
/* End PBXFrameworksBuildPhase section */

/* Begin PBXGroup section */
		B85FF8AF2624B1DF0035BDBD = {
			isa = PBXGroup;
			children = (
				B85FF8BA2624B1DF0035BDBD /* FoodFinder */,
				B85FF8CC2624B1E00035BDBD /* FoodFinderTests */,
				B85FF8D72624B1E00035BDBD /* FoodFinderUITests */,
				B85FF8B92624B1DF0035BDBD /* Products */,
			);
			sourceTree = "<group>";
		};
		B85FF8B92624B1DF0035BDBD /* Products */ = {
			isa = PBXGroup;
			children = (
				B85FF8B82624B1DF0035BDBD /* FoodFinder.app */,
				B85FF8C92624B1E00035BDBD /* FoodFinderTests.xctest */,
				B85FF8D42624B1E00035BDBD /* FoodFinderUITests.xctest */,
			);
			name = Products;
			sourceTree = "<group>";
		};
		B85FF8BA2624B1DF0035BDBD /* FoodFinder */ = {
			isa = PBXGroup;
			children = (
				B85FF9092624B5FD0035BDBD /* App */,
				B85FF9172624B6900035BDBD /* AppManagement */,
				B85FF9322624B71E0035BDBD /* Common */,
				B85FF9332624B7300035BDBD /* Scenes */,
			);
			path = FoodFinder;
			sourceTree = "<group>";
		};
		B85FF8C12624B1E00035BDBD /* Preview Content */ = {
			isa = PBXGroup;
			children = (
				B85FF8C22624B1E00035BDBD /* Preview Assets.xcassets */,
			);
			path = "Preview Content";
			sourceTree = "<group>";
		};
		B85FF8CC2624B1E00035BDBD /* FoodFinderTests */ = {
			isa = PBXGroup;
			children = (
				B85FF8CD2624B1E00035BDBD /* FoodFinderTests.swift */,
				B85FF8CF2624B1E00035BDBD /* Info.plist */,
			);
			path = FoodFinderTests;
			sourceTree = "<group>";
		};
		B85FF8D72624B1E00035BDBD /* FoodFinderUITests */ = {
			isa = PBXGroup;
			children = (
				B85FF8D82624B1E00035BDBD /* FoodFinderUITests.swift */,
				B85FF8DA2624B1E00035BDBD /* Info.plist */,
			);
			path = FoodFinderUITests;
			sourceTree = "<group>";
		};
		B85FF9092624B5FD0035BDBD /* App */ = {
			isa = PBXGroup;
			children = (
				B85FF8C42624B1E00035BDBD /* Info.plist */,
				B85FF8BB2624B1DF0035BDBD /* FoodFinderApp.swift */,
				B85FF8C12624B1E00035BDBD /* Preview Content */,
				B85FF90D2624B6110035BDBD /* Ressources */,
			);
			path = App;
			sourceTree = "<group>";
		};
		B85FF90D2624B6110035BDBD /* Ressources */ = {
			isa = PBXGroup;
			children = (
				B85FF8BF2624B1E00035BDBD /* Assets.xcassets */,
			);
			path = Ressources;
			sourceTree = "<group>";
		};
		B85FF9172624B6900035BDBD /* AppManagement */ = {
			isa = PBXGroup;
			children = (
				B85FF9292624B6CA0035BDBD /* Routing */,
				B85FF9182624B69A0035BDBD /* DependencyInjector */,
			);
			path = AppManagement;
			sourceTree = "<group>";
		};
		B85FF9182624B69A0035BDBD /* DependencyInjector */ = {
			isa = PBXGroup;
			children = (
				B85FF9192624B6B90035BDBD /* Tools+Dependencies.swift */,
				B85FF91A2624B6B90035BDBD /* Routing+Dependencies.swift */,
				B85FF91B2624B6B90035BDBD /* ViewModels+Dependencies.swift */,
				B85FF91C2624B6B90035BDBD /* Repositories+Dependencies.swift */,
				B85FF91D2624B6B90035BDBD /* DependenciesRegistration.swift */,
			);
			path = DependencyInjector;
			sourceTree = "<group>";
		};
		B85FF9292624B6CA0035BDBD /* Routing */ = {
			isa = PBXGroup;
			children = (
				B85FF92A2624B7000035BDBD /* MainRouter.swift */,
			);
			path = Routing;
			sourceTree = "<group>";
		};
		B85FF9322624B71E0035BDBD /* Common */ = {
			isa = PBXGroup;
			children = (
			);
			path = Common;
			sourceTree = "<group>";
		};
		B85FF9332624B7300035BDBD /* Scenes */ = {
			isa = PBXGroup;
			children = (
				B85FF9342624B7920035BDBD /* HomeMap */,
			);
			path = Scenes;
			sourceTree = "<group>";
		};
		B85FF9342624B7920035BDBD /* HomeMap */ = {
			isa = PBXGroup;
			children = (
				B85FF8BD2624B1DF0035BDBD /* ContentView.swift */,
			);
			path = HomeMap;
			sourceTree = "<group>";
		};
/* End PBXGroup section */

/* Begin PBXNativeTarget section */
		B85FF8B72624B1DF0035BDBD /* FoodFinder */ = {
			isa = PBXNativeTarget;
			buildConfigurationList = B85FF8DD2624B1E00035BDBD /* Build configuration list for PBXNativeTarget "FoodFinder" */;
			buildPhases = (
				B85FF8E92624B36B0035BDBD /* SwiftLint */,
				B85FF8B42624B1DF0035BDBD /* Sources */,
				B85FF8B52624B1DF0035BDBD /* Frameworks */,
				B85FF8B62624B1DF0035BDBD /* Resources */,
				B85FF8EA2624B3DC0035BDBD /* Run SwiftFormat */,
			);
			buildRules = (
			);
			dependencies = (
			);
			name = FoodFinder;
			packageProductDependencies = (
				B85FF8EF2624B54B0035BDBD /* Networking */,
				B85FF8F52624B5720035BDBD /* SwiftUICombineToolBox */,
				B85FF8FB2624B58C0035BDBD /* Resolver */,
				B85FF9012624B5CF0035BDBD /* Kingfisher */,
			);
			productName = FoodFinder;
			productReference = B85FF8B82624B1DF0035BDBD /* FoodFinder.app */;
			productType = "com.apple.product-type.application";
		};
		B85FF8C82624B1E00035BDBD /* FoodFinderTests */ = {
			isa = PBXNativeTarget;
			buildConfigurationList = B85FF8E02624B1E00035BDBD /* Build configuration list for PBXNativeTarget "FoodFinderTests" */;
			buildPhases = (
				B85FF8C52624B1E00035BDBD /* Sources */,
				B85FF8C62624B1E00035BDBD /* Frameworks */,
				B85FF8C72624B1E00035BDBD /* Resources */,
			);
			buildRules = (
			);
			dependencies = (
				B85FF8CB2624B1E00035BDBD /* PBXTargetDependency */,
			);
			name = FoodFinderTests;
			productName = FoodFinderTests;
			productReference = B85FF8C92624B1E00035BDBD /* FoodFinderTests.xctest */;
			productType = "com.apple.product-type.bundle.unit-test";
		};
		B85FF8D32624B1E00035BDBD /* FoodFinderUITests */ = {
			isa = PBXNativeTarget;
			buildConfigurationList = B85FF8E32624B1E00035BDBD /* Build configuration list for PBXNativeTarget "FoodFinderUITests" */;
			buildPhases = (
				B85FF8D02624B1E00035BDBD /* Sources */,
				B85FF8D12624B1E00035BDBD /* Frameworks */,
				B85FF8D22624B1E00035BDBD /* Resources */,
			);
			buildRules = (
			);
			dependencies = (
				B85FF8D62624B1E00035BDBD /* PBXTargetDependency */,
			);
			name = FoodFinderUITests;
			productName = FoodFinderUITests;
			productReference = B85FF8D42624B1E00035BDBD /* FoodFinderUITests.xctest */;
			productType = "com.apple.product-type.bundle.ui-testing";
		};
/* End PBXNativeTarget section */

/* Begin PBXProject section */
		B85FF8B02624B1DF0035BDBD /* Project object */ = {
			isa = PBXProject;
			attributes = {
				LastSwiftUpdateCheck = 1240;
				LastUpgradeCheck = 1240;
				TargetAttributes = {
					B85FF8B72624B1DF0035BDBD = {
						CreatedOnToolsVersion = 12.4;
					};
					B85FF8C82624B1E00035BDBD = {
						CreatedOnToolsVersion = 12.4;
						TestTargetID = B85FF8B72624B1DF0035BDBD;
					};
					B85FF8D32624B1E00035BDBD = {
						CreatedOnToolsVersion = 12.4;
						TestTargetID = B85FF8B72624B1DF0035BDBD;
					};
				};
			};
			buildConfigurationList = B85FF8B32624B1DF0035BDBD /* Build configuration list for PBXProject "FoodFinder" */;
			compatibilityVersion = "Xcode 9.3";
			developmentRegion = en;
			hasScannedForEncodings = 0;
			knownRegions = (
				en,
				Base,
			);
			mainGroup = B85FF8AF2624B1DF0035BDBD;
			packageReferences = (
				B85FF8EE2624B54B0035BDBD /* XCRemoteSwiftPackageReference "Networking" */,
				B85FF8F42624B5720035BDBD /* XCRemoteSwiftPackageReference "SwiftUICombineToolBox" */,
				B85FF8FA2624B58C0035BDBD /* XCRemoteSwiftPackageReference "Resolver" */,
				B85FF9002624B5CF0035BDBD /* XCRemoteSwiftPackageReference "Kingfisher" */,
			);
			productRefGroup = B85FF8B92624B1DF0035BDBD /* Products */;
			projectDirPath = "";
			projectRoot = "";
			targets = (
				B85FF8B72624B1DF0035BDBD /* FoodFinder */,
				B85FF8C82624B1E00035BDBD /* FoodFinderTests */,
				B85FF8D32624B1E00035BDBD /* FoodFinderUITests */,
			);
		};
/* End PBXProject section */

/* Begin PBXResourcesBuildPhase section */
		B85FF8B62624B1DF0035BDBD /* Resources */ = {
			isa = PBXResourcesBuildPhase;
			buildActionMask = 2147483647;
			files = (
				B85FF8C32624B1E00035BDBD /* Preview Assets.xcassets in Resources */,
				B85FF8C02624B1E00035BDBD /* Assets.xcassets in Resources */,
			);
			runOnlyForDeploymentPostprocessing = 0;
		};
		B85FF8C72624B1E00035BDBD /* Resources */ = {
			isa = PBXResourcesBuildPhase;
			buildActionMask = 2147483647;
			files = (
			);
			runOnlyForDeploymentPostprocessing = 0;
		};
		B85FF8D22624B1E00035BDBD /* Resources */ = {
			isa = PBXResourcesBuildPhase;
			buildActionMask = 2147483647;
			files = (
			);
			runOnlyForDeploymentPostprocessing = 0;
		};
/* End PBXResourcesBuildPhase section */

/* Begin PBXShellScriptBuildPhase section */
		B85FF8E92624B36B0035BDBD /* SwiftLint */ = {
			isa = PBXShellScriptBuildPhase;
			buildActionMask = 2147483647;
			files = (
			);
			inputFileListPaths = (
			);
			inputPaths = (
			);
			name = SwiftLint;
			outputFileListPaths = (
			);
			outputPaths = (
			);
			runOnlyForDeploymentPostprocessing = 0;
			shellPath = /bin/sh;
			shellScript = "# Type a script or drag a script file from your workspace to insert its path.\n\n# This path need to be set for mac M1 new homebrew install location\nPATH=/opt/homebrew/bin/:$PATH\n\nif which swiftlint >/dev/null; then\n  swiftlint\nelse\n  echo \"warning: SwiftLint not installed, download from https://github.com/realm/SwiftLint\"\nfi\n";
		};
		B85FF8EA2624B3DC0035BDBD /* Run SwiftFormat */ = {
			isa = PBXShellScriptBuildPhase;
			buildActionMask = 2147483647;
			files = (
			);
			inputFileListPaths = (
			);
			inputPaths = (
			);
			name = "Run SwiftFormat";
			outputFileListPaths = (
			);
			outputPaths = (
			);
			runOnlyForDeploymentPostprocessing = 0;
			shellPath = /bin/sh;
			shellScript = "# Type a script or drag a script file from your workspace to insert its path.\n\n# This path need to be set for mac M1 new homebrew install location\nPATH=/opt/homebrew/bin/:$PATH\n\nif which swiftformat >/dev/null; then\nswiftformat .\nelse\necho \"error: SwiftFormat not installed, download from https://github.com/nicklockwood/SwiftFormat\"\nexit 1\nfi\n";
		};
/* End PBXShellScriptBuildPhase section */

/* Begin PBXSourcesBuildPhase section */
		B85FF8B42624B1DF0035BDBD /* Sources */ = {
			isa = PBXSourcesBuildPhase;
			buildActionMask = 2147483647;
			files = (
				B85FF8BE2624B1DF0035BDBD /* ContentView.swift in Sources */,
				B85FF92B2624B7000035BDBD /* MainRouter.swift in Sources */,
				B85FF8BC2624B1DF0035BDBD /* FoodFinderApp.swift in Sources */,
				B85FF91E2624B6B90035BDBD /* Tools+Dependencies.swift in Sources */,
				B85FF91F2624B6B90035BDBD /* Routing+Dependencies.swift in Sources */,
				B85FF9212624B6B90035BDBD /* Repositories+Dependencies.swift in Sources */,
				B85FF9202624B6B90035BDBD /* ViewModels+Dependencies.swift in Sources */,
				B85FF9222624B6B90035BDBD /* DependenciesRegistration.swift in Sources */,
			);
			runOnlyForDeploymentPostprocessing = 0;
		};
		B85FF8C52624B1E00035BDBD /* Sources */ = {
			isa = PBXSourcesBuildPhase;
			buildActionMask = 2147483647;
			files = (
				B85FF8CE2624B1E00035BDBD /* FoodFinderTests.swift in Sources */,
			);
			runOnlyForDeploymentPostprocessing = 0;
		};
		B85FF8D02624B1E00035BDBD /* Sources */ = {
			isa = PBXSourcesBuildPhase;
			buildActionMask = 2147483647;
			files = (
				B85FF8D92624B1E00035BDBD /* FoodFinderUITests.swift in Sources */,
			);
			runOnlyForDeploymentPostprocessing = 0;
		};
/* End PBXSourcesBuildPhase section */

/* Begin PBXTargetDependency section */
		B85FF8CB2624B1E00035BDBD /* PBXTargetDependency */ = {
			isa = PBXTargetDependency;
			target = B85FF8B72624B1DF0035BDBD /* FoodFinder */;
			targetProxy = B85FF8CA2624B1E00035BDBD /* PBXContainerItemProxy */;
		};
		B85FF8D62624B1E00035BDBD /* PBXTargetDependency */ = {
			isa = PBXTargetDependency;
			target = B85FF8B72624B1DF0035BDBD /* FoodFinder */;
			targetProxy = B85FF8D52624B1E00035BDBD /* PBXContainerItemProxy */;
		};
/* End PBXTargetDependency section */

/* Begin XCBuildConfiguration section */
		B85FF8DB2624B1E00035BDBD /* Debug */ = {
			isa = XCBuildConfiguration;
			buildSettings = {
				ALWAYS_SEARCH_USER_PATHS = NO;
				CLANG_ANALYZER_NONNULL = YES;
				CLANG_ANALYZER_NUMBER_OBJECT_CONVERSION = YES_AGGRESSIVE;
				CLANG_CXX_LANGUAGE_STANDARD = "gnu++14";
				CLANG_CXX_LIBRARY = "libc++";
				CLANG_ENABLE_MODULES = YES;
				CLANG_ENABLE_OBJC_ARC = YES;
				CLANG_ENABLE_OBJC_WEAK = YES;
				CLANG_WARN_BLOCK_CAPTURE_AUTORELEASING = YES;
				CLANG_WARN_BOOL_CONVERSION = YES;
				CLANG_WARN_COMMA = YES;
				CLANG_WARN_CONSTANT_CONVERSION = YES;
				CLANG_WARN_DEPRECATED_OBJC_IMPLEMENTATIONS = YES;
				CLANG_WARN_DIRECT_OBJC_ISA_USAGE = YES_ERROR;
				CLANG_WARN_DOCUMENTATION_COMMENTS = YES;
				CLANG_WARN_EMPTY_BODY = YES;
				CLANG_WARN_ENUM_CONVERSION = YES;
				CLANG_WARN_INFINITE_RECURSION = YES;
				CLANG_WARN_INT_CONVERSION = YES;
				CLANG_WARN_NON_LITERAL_NULL_CONVERSION = YES;
				CLANG_WARN_OBJC_IMPLICIT_RETAIN_SELF = YES;
				CLANG_WARN_OBJC_LITERAL_CONVERSION = YES;
				CLANG_WARN_OBJC_ROOT_CLASS = YES_ERROR;
				CLANG_WARN_QUOTED_INCLUDE_IN_FRAMEWORK_HEADER = YES;
				CLANG_WARN_RANGE_LOOP_ANALYSIS = YES;
				CLANG_WARN_STRICT_PROTOTYPES = YES;
				CLANG_WARN_SUSPICIOUS_MOVE = YES;
				CLANG_WARN_UNGUARDED_AVAILABILITY = YES_AGGRESSIVE;
				CLANG_WARN_UNREACHABLE_CODE = YES;
				CLANG_WARN__DUPLICATE_METHOD_MATCH = YES;
				COPY_PHASE_STRIP = NO;
				DEBUG_INFORMATION_FORMAT = dwarf;
				ENABLE_STRICT_OBJC_MSGSEND = YES;
				ENABLE_TESTABILITY = YES;
				GCC_C_LANGUAGE_STANDARD = gnu11;
				GCC_DYNAMIC_NO_PIC = NO;
				GCC_NO_COMMON_BLOCKS = YES;
				GCC_OPTIMIZATION_LEVEL = 0;
				GCC_PREPROCESSOR_DEFINITIONS = (
					"DEBUG=1",
					"$(inherited)",
				);
				GCC_WARN_64_TO_32_BIT_CONVERSION = YES;
				GCC_WARN_ABOUT_RETURN_TYPE = YES_ERROR;
				GCC_WARN_UNDECLARED_SELECTOR = YES;
				GCC_WARN_UNINITIALIZED_AUTOS = YES_AGGRESSIVE;
				GCC_WARN_UNUSED_FUNCTION = YES;
				GCC_WARN_UNUSED_VARIABLE = YES;
				IPHONEOS_DEPLOYMENT_TARGET = 14.4;
				MTL_ENABLE_DEBUG_INFO = INCLUDE_SOURCE;
				MTL_FAST_MATH = YES;
				ONLY_ACTIVE_ARCH = YES;
				SDKROOT = iphoneos;
				SWIFT_ACTIVE_COMPILATION_CONDITIONS = DEBUG;
				SWIFT_OPTIMIZATION_LEVEL = "-Onone";
			};
			name = Debug;
		};
		B85FF8DC2624B1E00035BDBD /* Release */ = {
			isa = XCBuildConfiguration;
			buildSettings = {
				ALWAYS_SEARCH_USER_PATHS = NO;
				CLANG_ANALYZER_NONNULL = YES;
				CLANG_ANALYZER_NUMBER_OBJECT_CONVERSION = YES_AGGRESSIVE;
				CLANG_CXX_LANGUAGE_STANDARD = "gnu++14";
				CLANG_CXX_LIBRARY = "libc++";
				CLANG_ENABLE_MODULES = YES;
				CLANG_ENABLE_OBJC_ARC = YES;
				CLANG_ENABLE_OBJC_WEAK = YES;
				CLANG_WARN_BLOCK_CAPTURE_AUTORELEASING = YES;
				CLANG_WARN_BOOL_CONVERSION = YES;
				CLANG_WARN_COMMA = YES;
				CLANG_WARN_CONSTANT_CONVERSION = YES;
				CLANG_WARN_DEPRECATED_OBJC_IMPLEMENTATIONS = YES;
				CLANG_WARN_DIRECT_OBJC_ISA_USAGE = YES_ERROR;
				CLANG_WARN_DOCUMENTATION_COMMENTS = YES;
				CLANG_WARN_EMPTY_BODY = YES;
				CLANG_WARN_ENUM_CONVERSION = YES;
				CLANG_WARN_INFINITE_RECURSION = YES;
				CLANG_WARN_INT_CONVERSION = YES;
				CLANG_WARN_NON_LITERAL_NULL_CONVERSION = YES;
				CLANG_WARN_OBJC_IMPLICIT_RETAIN_SELF = YES;
				CLANG_WARN_OBJC_LITERAL_CONVERSION = YES;
				CLANG_WARN_OBJC_ROOT_CLASS = YES_ERROR;
				CLANG_WARN_QUOTED_INCLUDE_IN_FRAMEWORK_HEADER = YES;
				CLANG_WARN_RANGE_LOOP_ANALYSIS = YES;
				CLANG_WARN_STRICT_PROTOTYPES = YES;
				CLANG_WARN_SUSPICIOUS_MOVE = YES;
				CLANG_WARN_UNGUARDED_AVAILABILITY = YES_AGGRESSIVE;
				CLANG_WARN_UNREACHABLE_CODE = YES;
				CLANG_WARN__DUPLICATE_METHOD_MATCH = YES;
				COPY_PHASE_STRIP = NO;
				DEBUG_INFORMATION_FORMAT = "dwarf-with-dsym";
				ENABLE_NS_ASSERTIONS = NO;
				ENABLE_STRICT_OBJC_MSGSEND = YES;
				GCC_C_LANGUAGE_STANDARD = gnu11;
				GCC_NO_COMMON_BLOCKS = YES;
				GCC_WARN_64_TO_32_BIT_CONVERSION = YES;
				GCC_WARN_ABOUT_RETURN_TYPE = YES_ERROR;
				GCC_WARN_UNDECLARED_SELECTOR = YES;
				GCC_WARN_UNINITIALIZED_AUTOS = YES_AGGRESSIVE;
				GCC_WARN_UNUSED_FUNCTION = YES;
				GCC_WARN_UNUSED_VARIABLE = YES;
				IPHONEOS_DEPLOYMENT_TARGET = 14.4;
				MTL_ENABLE_DEBUG_INFO = NO;
				MTL_FAST_MATH = YES;
				SDKROOT = iphoneos;
				SWIFT_COMPILATION_MODE = wholemodule;
				SWIFT_OPTIMIZATION_LEVEL = "-O";
				VALIDATE_PRODUCT = YES;
			};
			name = Release;
		};
		B85FF8DE2624B1E00035BDBD /* Debug */ = {
			isa = XCBuildConfiguration;
			buildSettings = {
				ASSETCATALOG_COMPILER_APPICON_NAME = AppIcon;
				ASSETCATALOG_COMPILER_GLOBAL_ACCENT_COLOR_NAME = AccentColor;
				CODE_SIGN_STYLE = Automatic;
				DEVELOPMENT_ASSET_PATHS = "\"FoodFinder/App/Preview Content\"";
				ENABLE_PREVIEWS = YES;
				INFOPLIST_FILE = FoodFinder/App/Info.plist;
				IPHONEOS_DEPLOYMENT_TARGET = 14.0;
				LD_RUNPATH_SEARCH_PATHS = (
					"$(inherited)",
					"@executable_path/Frameworks",
				);
				PRODUCT_BUNDLE_IDENTIFIER = com.mlukacs.dev.FoodFinder;
				PRODUCT_NAME = "$(TARGET_NAME)";
				SWIFT_VERSION = 5.0;
				TARGETED_DEVICE_FAMILY = "1,2";
			};
			name = Debug;
		};
		B85FF8DF2624B1E00035BDBD /* Release */ = {
			isa = XCBuildConfiguration;
			buildSettings = {
				ASSETCATALOG_COMPILER_APPICON_NAME = AppIcon;
				ASSETCATALOG_COMPILER_GLOBAL_ACCENT_COLOR_NAME = AccentColor;
				CODE_SIGN_STYLE = Automatic;
				DEVELOPMENT_ASSET_PATHS = "\"FoodFinder/App/Preview Content\"";
				ENABLE_PREVIEWS = YES;
				INFOPLIST_FILE = FoodFinder/App/Info.plist;
				IPHONEOS_DEPLOYMENT_TARGET = 14.0;
				LD_RUNPATH_SEARCH_PATHS = (
					"$(inherited)",
					"@executable_path/Frameworks",
				);
				PRODUCT_BUNDLE_IDENTIFIER = com.mlukacs.dev.FoodFinder;
				PRODUCT_NAME = "$(TARGET_NAME)";
				SWIFT_VERSION = 5.0;
				TARGETED_DEVICE_FAMILY = "1,2";
			};
			name = Release;
		};
		B85FF8E12624B1E00035BDBD /* Debug */ = {
			isa = XCBuildConfiguration;
			buildSettings = {
				ALWAYS_EMBED_SWIFT_STANDARD_LIBRARIES = YES;
				BUNDLE_LOADER = "$(TEST_HOST)";
				CODE_SIGN_STYLE = Automatic;
				INFOPLIST_FILE = FoodFinderTests/Info.plist;
				IPHONEOS_DEPLOYMENT_TARGET = 14.0;
				LD_RUNPATH_SEARCH_PATHS = (
					"$(inherited)",
					"@executable_path/Frameworks",
					"@loader_path/Frameworks",
				);
				PRODUCT_BUNDLE_IDENTIFIER = com.mlukacs.dev.FoodFinderTests;
				PRODUCT_NAME = "$(TARGET_NAME)";
				SWIFT_VERSION = 5.0;
				TARGETED_DEVICE_FAMILY = "1,2";
				TEST_HOST = "$(BUILT_PRODUCTS_DIR)/FoodFinder.app/FoodFinder";
			};
			name = Debug;
		};
		B85FF8E22624B1E00035BDBD /* Release */ = {
			isa = XCBuildConfiguration;
			buildSettings = {
				ALWAYS_EMBED_SWIFT_STANDARD_LIBRARIES = YES;
				BUNDLE_LOADER = "$(TEST_HOST)";
				CODE_SIGN_STYLE = Automatic;
				INFOPLIST_FILE = FoodFinderTests/Info.plist;
				IPHONEOS_DEPLOYMENT_TARGET = 14.0;
				LD_RUNPATH_SEARCH_PATHS = (
					"$(inherited)",
					"@executable_path/Frameworks",
					"@loader_path/Frameworks",
				);
				PRODUCT_BUNDLE_IDENTIFIER = com.mlukacs.dev.FoodFinderTests;
				PRODUCT_NAME = "$(TARGET_NAME)";
				SWIFT_VERSION = 5.0;
				TARGETED_DEVICE_FAMILY = "1,2";
				TEST_HOST = "$(BUILT_PRODUCTS_DIR)/FoodFinder.app/FoodFinder";
			};
			name = Release;
		};
		B85FF8E42624B1E00035BDBD /* Debug */ = {
			isa = XCBuildConfiguration;
			buildSettings = {
				ALWAYS_EMBED_SWIFT_STANDARD_LIBRARIES = YES;
				CODE_SIGN_STYLE = Automatic;
				INFOPLIST_FILE = FoodFinderUITests/Info.plist;
				LD_RUNPATH_SEARCH_PATHS = (
					"$(inherited)",
					"@executable_path/Frameworks",
					"@loader_path/Frameworks",
				);
				PRODUCT_BUNDLE_IDENTIFIER = com.mlukacs.dev.FoodFinderUITests;
				PRODUCT_NAME = "$(TARGET_NAME)";
				SWIFT_VERSION = 5.0;
				TARGETED_DEVICE_FAMILY = "1,2";
				TEST_TARGET_NAME = FoodFinder;
			};
			name = Debug;
		};
		B85FF8E52624B1E00035BDBD /* Release */ = {
			isa = XCBuildConfiguration;
			buildSettings = {
				ALWAYS_EMBED_SWIFT_STANDARD_LIBRARIES = YES;
				CODE_SIGN_STYLE = Automatic;
				INFOPLIST_FILE = FoodFinderUITests/Info.plist;
				LD_RUNPATH_SEARCH_PATHS = (
					"$(inherited)",
					"@executable_path/Frameworks",
					"@loader_path/Frameworks",
				);
				PRODUCT_BUNDLE_IDENTIFIER = com.mlukacs.dev.FoodFinderUITests;
				PRODUCT_NAME = "$(TARGET_NAME)";
				SWIFT_VERSION = 5.0;
				TARGETED_DEVICE_FAMILY = "1,2";
				TEST_TARGET_NAME = FoodFinder;
			};
			name = Release;
		};
/* End XCBuildConfiguration section */

/* Begin XCConfigurationList section */
		B85FF8B32624B1DF0035BDBD /* Build configuration list for PBXProject "FoodFinder" */ = {
			isa = XCConfigurationList;
			buildConfigurations = (
				B85FF8DB2624B1E00035BDBD /* Debug */,
				B85FF8DC2624B1E00035BDBD /* Release */,
			);
			defaultConfigurationIsVisible = 0;
			defaultConfigurationName = Release;
		};
		B85FF8DD2624B1E00035BDBD /* Build configuration list for PBXNativeTarget "FoodFinder" */ = {
			isa = XCConfigurationList;
			buildConfigurations = (
				B85FF8DE2624B1E00035BDBD /* Debug */,
				B85FF8DF2624B1E00035BDBD /* Release */,
			);
			defaultConfigurationIsVisible = 0;
			defaultConfigurationName = Release;
		};
		B85FF8E02624B1E00035BDBD /* Build configuration list for PBXNativeTarget "FoodFinderTests" */ = {
			isa = XCConfigurationList;
			buildConfigurations = (
				B85FF8E12624B1E00035BDBD /* Debug */,
				B85FF8E22624B1E00035BDBD /* Release */,
			);
			defaultConfigurationIsVisible = 0;
			defaultConfigurationName = Release;
		};
		B85FF8E32624B1E00035BDBD /* Build configuration list for PBXNativeTarget "FoodFinderUITests" */ = {
			isa = XCConfigurationList;
			buildConfigurations = (
				B85FF8E42624B1E00035BDBD /* Debug */,
				B85FF8E52624B1E00035BDBD /* Release */,
			);
			defaultConfigurationIsVisible = 0;
			defaultConfigurationName = Release;
		};
/* End XCConfigurationList section */

/* Begin XCRemoteSwiftPackageReference section */
		B85FF8EE2624B54B0035BDBD /* XCRemoteSwiftPackageReference "Networking" */ = {
			isa = XCRemoteSwiftPackageReference;
			repositoryURL = "https://github.com/freshOS/Networking";
			requirement = {
				kind = upToNextMajorVersion;
				minimumVersion = 0.3.2;
			};
		};
		B85FF8F42624B5720035BDBD /* XCRemoteSwiftPackageReference "SwiftUICombineToolBox" */ = {
			isa = XCRemoteSwiftPackageReference;
			repositoryURL = "https://github.com/lukacs-m/SwiftUICombineToolBox";
			requirement = {
				kind = upToNextMajorVersion;
				minimumVersion = 0.0.11;
			};
		};
		B85FF8FA2624B58C0035BDBD /* XCRemoteSwiftPackageReference "Resolver" */ = {
			isa = XCRemoteSwiftPackageReference;
			repositoryURL = "https://github.com/hmlongco/Resolver.git";
			requirement = {
				kind = upToNextMajorVersion;
				minimumVersion = 1.4.1;
			};
		};
		B85FF9002624B5CF0035BDBD /* XCRemoteSwiftPackageReference "Kingfisher" */ = {
			isa = XCRemoteSwiftPackageReference;
			repositoryURL = "https://github.com/onevcat/Kingfisher.git";
			requirement = {
				kind = upToNextMajorVersion;
				minimumVersion = 6.2.1;
			};
		};
/* End XCRemoteSwiftPackageReference section */

/* Begin XCSwiftPackageProductDependency section */
		B85FF8EF2624B54B0035BDBD /* Networking */ = {
			isa = XCSwiftPackageProductDependency;
			package = B85FF8EE2624B54B0035BDBD /* XCRemoteSwiftPackageReference "Networking" */;
			productName = Networking;
		};
		B85FF8F52624B5720035BDBD /* SwiftUICombineToolBox */ = {
			isa = XCSwiftPackageProductDependency;
			package = B85FF8F42624B5720035BDBD /* XCRemoteSwiftPackageReference "SwiftUICombineToolBox" */;
			productName = SwiftUICombineToolBox;
		};
		B85FF8FB2624B58C0035BDBD /* Resolver */ = {
			isa = XCSwiftPackageProductDependency;
			package = B85FF8FA2624B58C0035BDBD /* XCRemoteSwiftPackageReference "Resolver" */;
			productName = Resolver;
		};
		B85FF9012624B5CF0035BDBD /* Kingfisher */ = {
			isa = XCSwiftPackageProductDependency;
			package = B85FF9002624B5CF0035BDBD /* XCRemoteSwiftPackageReference "Kingfisher" */;
			productName = Kingfisher;
		};
/* End XCSwiftPackageProductDependency section */
	};
	rootObject = B85FF8B02624B1DF0035BDBD /* Project object */;
}
